// !$*UTF8*$!
{
	archiveVersion = 1;
	classes = {
	};
	objectVersion = 56;
	objects = {

/* Begin PBXBuildFile section */
		7F47B9AF2989F7AF00B33022 /* AppDelegate.swift in Sources */ = {isa = PBXBuildFile; fileRef = 7F47B9AE2989F7AF00B33022 /* AppDelegate.swift */; };
		7F47B9B12989F7AF00B33022 /* SceneDelegate.swift in Sources */ = {isa = PBXBuildFile; fileRef = 7F47B9B02989F7AF00B33022 /* SceneDelegate.swift */; };
		7F47B9B32989F7AF00B33022 /* HomeViewController.swift in Sources */ = {isa = PBXBuildFile; fileRef = 7F47B9B22989F7AF00B33022 /* HomeViewController.swift */; };
		7F47B9B62989F7AF00B33022 /* Main.storyboard in Resources */ = {isa = PBXBuildFile; fileRef = 7F47B9B42989F7AF00B33022 /* Main.storyboard */; };
		7F47B9B82989F7B100B33022 /* Assets.xcassets in Resources */ = {isa = PBXBuildFile; fileRef = 7F47B9B72989F7B100B33022 /* Assets.xcassets */; };
		7F47B9BB2989F7B100B33022 /* LaunchScreen.storyboard in Resources */ = {isa = PBXBuildFile; fileRef = 7F47B9B92989F7B100B33022 /* LaunchScreen.storyboard */; };
		7F47B9C32989F81700B33022 /* DetailViewController.swift in Sources */ = {isa = PBXBuildFile; fileRef = 7F47B9C22989F81700B33022 /* DetailViewController.swift */; };
		7F47B9C52989F82000B33022 /* ResumeViewController.swift in Sources */ = {isa = PBXBuildFile; fileRef = 7F47B9C42989F82000B33022 /* ResumeViewController.swift */; };
/* End PBXBuildFile section */

/* Begin PBXFileReference section */
		7F47B9AB2989F7AF00B33022 /* NavegacaoTelasExample.app */ = {isa = PBXFileReference; explicitFileType = wrapper.application; includeInIndex = 0; path = NavegacaoTelasExample.app; sourceTree = BUILT_PRODUCTS_DIR; };
		7F47B9AE2989F7AF00B33022 /* AppDelegate.swift */ = {isa = PBXFileReference; lastKnownFileType = sourcecode.swift; path = AppDelegate.swift; sourceTree = "<group>"; };
		7F47B9B02989F7AF00B33022 /* SceneDelegate.swift */ = {isa = PBXFileReference; lastKnownFileType = sourcecode.swift; path = SceneDelegate.swift; sourceTree = "<group>"; };
		7F47B9B22989F7AF00B33022 /* HomeViewController.swift */ = {isa = PBXFileReference; lastKnownFileType = sourcecode.swift; path = HomeViewController.swift; sourceTree = "<group>"; };
		7F47B9B52989F7AF00B33022 /* Base */ = {isa = PBXFileReference; lastKnownFileType = file.storyboard; name = Base; path = Base.lproj/Main.storyboard; sourceTree = "<group>"; };
		7F47B9B72989F7B100B33022 /* Assets.xcassets */ = {isa = PBXFileReference; lastKnownFileType = folder.assetcatalog; path = Assets.xcassets; sourceTree = "<group>"; };
		7F47B9BA2989F7B100B33022 /* Base */ = {isa = PBXFileReference; lastKnownFileType = file.storyboard; name = Base; path = Base.lproj/LaunchScreen.storyboard; sourceTree = "<group>"; };
		7F47B9BC2989F7B100B33022 /* Info.plist */ = {isa = PBXFileReference; lastKnownFileType = text.plist.xml; path = Info.plist; sourceTree = "<group>"; };
		7F47B9C22989F81700B33022 /* DetailViewController.swift */ = {isa = PBXFileReference; lastKnownFileType = sourcecode.swift; path = DetailViewController.swift; sourceTree = "<group>"; };
		7F47B9C42989F82000B33022 /* ResumeViewController.swift */ = {isa = PBXFileReference; lastKnownFileType = sourcecode.swift; path = ResumeViewController.swift; sourceTree = "<group>"; };
/* End PBXFileReference section */

/* Begin PBXFrameworksBuildPhase section */
		7F47B9A82989F7AF00B33022 /* Frameworks */ = {
			isa = PBXFrameworksBuildPhase;
			buildActionMask = 2147483647;
			files = (
			);
			runOnlyForDeploymentPostprocessing = 0;
		};
/* End PBXFrameworksBuildPhase section */

/* Begin PBXGroup section */
		7F47B9A22989F7AF00B33022 = {
			isa = PBXGroup;
			children = (
				7F47B9AD2989F7AF00B33022 /* NavegacaoTelasExample */,
				7F47B9AC2989F7AF00B33022 /* Products */,
			);
			sourceTree = "<group>";
		};
		7F47B9AC2989F7AF00B33022 /* Products */ = {
			isa = PBXGroup;
			children = (
				7F47B9AB2989F7AF00B33022 /* NavegacaoTelasExample.app */,
			);
			name = Products;
			sourceTree = "<group>";
		};
		7F47B9AD2989F7AF00B33022 /* NavegacaoTelasExample */ = {
			isa = PBXGroup;
			children = (
				7F47B9AE2989F7AF00B33022 /* AppDelegate.swift */,
				7F47B9B02989F7AF00B33022 /* SceneDelegate.swift */,
				7F47B9B22989F7AF00B33022 /* HomeViewController.swift */,
				7F47B9B42989F7AF00B33022 /* Main.storyboard */,
				7F47B9C22989F81700B33022 /* DetailViewController.swift */,
				7F47B9C42989F82000B33022 /* ResumeViewController.swift */,
				7F47B9B72989F7B100B33022 /* Assets.xcassets */,
				7F47B9B92989F7B100B33022 /* LaunchScreen.storyboard */,
				7F47B9BC2989F7B100B33022 /* Info.plist */,
			);
			path = NavegacaoTelasExample;
			sourceTree = "<group>";
		};
/* End PBXGroup section */

/* Begin PBXNativeTarget section */
		7F47B9AA2989F7AF00B33022 /* NavegacaoTelasExample */ = {
			isa = PBXNativeTarget;
			buildConfigurationList = 7F47B9BF2989F7B100B33022 /* Build configuration list for PBXNativeTarget "NavegacaoTelasExample" */;
			buildPhases = (
				7F47B9A72989F7AF00B33022 /* Sources */,
				7F47B9A82989F7AF00B33022 /* Frameworks */,
				7F47B9A92989F7AF00B33022 /* Resources */,
			);
			buildRules = (
			);
			dependencies = (
			);
			name = NavegacaoTelasExample;
			productName = NavegacaoTelasExample;
			productReference = 7F47B9AB2989F7AF00B33022 /* NavegacaoTelasExample.app */;
			productType = "com.apple.product-type.application";
		};
/* End PBXNativeTarget section */

/* Begin PBXProject section */
		7F47B9A32989F7AF00B33022 /* Project object */ = {
			isa = PBXProject;
			attributes = {
				BuildIndependentTargetsInParallel = 1;
				LastSwiftUpdateCheck = 1400;
				LastUpgradeCheck = 1400;
				TargetAttributes = {
					7F47B9AA2989F7AF00B33022 = {
						CreatedOnToolsVersion = 14.0.1;
					};
				};
			};
			buildConfigurationList = 7F47B9A62989F7AF00B33022 /* Build configuration list for PBXProject "NavegacaoTelasExample" */;
			compatibilityVersion = "Xcode 14.0";
			developmentRegion = en;
			hasScannedForEncodings = 0;
			knownRegions = (
				en,
				Base,
			);
			mainGroup = 7F47B9A22989F7AF00B33022;
			productRefGroup = 7F47B9AC2989F7AF00B33022 /* Products */;
			projectDirPath = "";
			projectRoot = "";
			targets = (
				7F47B9AA2989F7AF00B33022 /* NavegacaoTelasExample */,
			);
		};
/* End PBXProject section */

/* Begin PBXResourcesBuildPhase section */
		7F47B9A92989F7AF00B33022 /* Resources */ = {
			isa = PBXResourcesBuildPhase;
			buildActionMask = 2147483647;
			files = (
				7F47B9BB2989F7B100B33022 /* LaunchScreen.storyboard in Resources */,
				7F47B9B82989F7B100B33022 /* Assets.xcassets in Resources */,
				7F47B9B62989F7AF00B33022 /* Main.storyboard in Resources */,
			);
			runOnlyForDeploymentPostprocessing = 0;
		};
/* End PBXResourcesBuildPhase section */

/* Begin PBXSourcesBuildPhase section */
		7F47B9A72989F7AF00B33022 /* Sources */ = {
			isa = PBXSourcesBuildPhase;
			buildActionMask = 2147483647;
			files = (
				7F47B9B32989F7AF00B33022 /* HomeViewController.swift in Sources */,
				7F47B9AF2989F7AF00B33022 /* AppDelegate.swift in Sources */,
				7F47B9C32989F81700B33022 /* DetailViewController.swift in Sources */,
				7F47B9B12989F7AF00B33022 /* SceneDelegate.swift in Sources */,
				7F47B9C52989F82000B33022 /* ResumeViewController.swift in Sources */,
			);
			runOnlyForDeploymentPostprocessing = 0;
		};
/* End PBXSourcesBuildPhase section */

/* Begin PBXVariantGroup section */
		7F47B9B42989F7AF00B33022 /* Main.storyboard */ = {
			isa = PBXVariantGroup;
			children = (
				7F47B9B52989F7AF00B33022 /* Base */,
			);
			name = Main.storyboard;
			sourceTree = "<group>";
		};
		7F47B9B92989F7B100B33022 /* LaunchScreen.storyboard */ = {
			isa = PBXVariantGroup;
			children = (
				7F47B9BA2989F7B100B33022 /* Base */,
			);
			name = LaunchScreen.storyboard;
			sourceTree = "<group>";
		};
/* End PBXVariantGroup section */

/* Begin XCBuildConfiguration section */
		7F47B9BD2989F7B100B33022 /* Debug */ = {
			isa = XCBuildConfiguration;
			buildSettings = {
				ALWAYS_SEARCH_USER_PATHS = NO;
				CLANG_ANALYZER_NONNULL = YES;
				CLANG_ANALYZER_NUMBER_OBJECT_CONVERSION = YES_AGGRESSIVE;
				CLANG_CXX_LANGUAGE_STANDARD = "gnu++20";
				CLANG_ENABLE_MODULES = YES;
				CLANG_ENABLE_OBJC_ARC = YES;
				CLANG_ENABLE_OBJC_WEAK = YES;
				CLANG_WARN_BLOCK_CAPTURE_AUTORELEASING = YES;
				CLANG_WARN_BOOL_CONVERSION = YES;
				CLANG_WARN_COMMA = YES;
				CLANG_WARN_CONSTANT_CONVERSION = YES;
				CLANG_WARN_DEPRECATED_OBJC_IMPLEMENTATIONS = YES;
				CLANG_WARN_DIRECT_OBJC_ISA_USAGE = YES_ERROR;
				CLANG_WARN_DOCUMENTATION_COMMENTS = YES;
				CLANG_WARN_EMPTY_BODY = YES;
				CLANG_WARN_ENUM_CONVERSION = YES;
				CLANG_WARN_INFINITE_RECURSION = YES;
				CLANG_WARN_INT_CONVERSION = YES;
				CLANG_WARN_NON_LITERAL_NULL_CONVERSION = YES;
				CLANG_WARN_OBJC_IMPLICIT_RETAIN_SELF = YES;
				CLANG_WARN_OBJC_LITERAL_CONVERSION = YES;
				CLANG_WARN_OBJC_ROOT_CLASS = YES_ERROR;
				CLANG_WARN_QUOTED_INCLUDE_IN_FRAMEWORK_HEADER = YES;
				CLANG_WARN_RANGE_LOOP_ANALYSIS = YES;
				CLANG_WARN_STRICT_PROTOTYPES = YES;
				CLANG_WARN_SUSPICIOUS_MOVE = YES;
				CLANG_WARN_UNGUARDED_AVAILABILITY = YES_AGGRESSIVE;
				CLANG_WARN_UNREACHABLE_CODE = YES;
				CLANG_WARN__DUPLICATE_METHOD_MATCH = YES;
				COPY_PHASE_STRIP = NO;
				DEBUG_INFORMATION_FORMAT = dwarf;
				ENABLE_STRICT_OBJC_MSGSEND = YES;
				ENABLE_TESTABILITY = YES;
				GCC_C_LANGUAGE_STANDARD = gnu11;
				GCC_DYNAMIC_NO_PIC = NO;
				GCC_NO_COMMON_BLOCKS = YES;
				GCC_OPTIMIZATION_LEVEL = 0;
				GCC_PREPROCESSOR_DEFINITIONS = (
					"DEBUG=1",
					"$(inherited)",
				);
				GCC_WARN_64_TO_32_BIT_CONVERSION = YES;
				GCC_WARN_ABOUT_RETURN_TYPE = YES_ERROR;
				GCC_WARN_UNDECLARED_SELECTOR = YES;
				GCC_WARN_UNINITIALIZED_AUTOS = YES_AGGRESSIVE;
				GCC_WARN_UNUSED_FUNCTION = YES;
				GCC_WARN_UNUSED_VARIABLE = YES;
				IPHONEOS_DEPLOYMENT_TARGET = 16.0;
				MTL_ENABLE_DEBUG_INFO = INCLUDE_SOURCE;
				MTL_FAST_MATH = YES;
				ONLY_ACTIVE_ARCH = YES;
				SDKROOT = iphoneos;
				SWIFT_ACTIVE_COMPILATION_CONDITIONS = DEBUG;
				SWIFT_OPTIMIZATION_LEVEL = "-Onone";
			};
			name = Debug;
		};
		7F47B9BE2989F7B100B33022 /* Release */ = {
			isa = XCBuildConfiguration;
			buildSettings = {
				ALWAYS_SEARCH_USER_PATHS = NO;
				CLANG_ANALYZER_NONNULL = YES;
				CLANG_ANALYZER_NUMBER_OBJECT_CONVERSION = YES_AGGRESSIVE;
				CLANG_CXX_LANGUAGE_STANDARD = "gnu++20";
				CLANG_ENABLE_MODULES = YES;
				CLANG_ENABLE_OBJC_ARC = YES;
				CLANG_ENABLE_OBJC_WEAK = YES;
				CLANG_WARN_BLOCK_CAPTURE_AUTORELEASING = YES;
				CLANG_WARN_BOOL_CONVERSION = YES;
				CLANG_WARN_COMMA = YES;
				CLANG_WARN_CONSTANT_CONVERSION = YES;
				CLANG_WARN_DEPRECATED_OBJC_IMPLEMENTATIONS = YES;
				CLANG_WARN_DIRECT_OBJC_ISA_USAGE = YES_ERROR;
				CLANG_WARN_DOCUMENTATION_COMMENTS = YES;
				CLANG_WARN_EMPTY_BODY = YES;
				CLANG_WARN_ENUM_CONVERSION = YES;
				CLANG_WARN_INFINITE_RECURSION = YES;
				CLANG_WARN_INT_CONVERSION = YES;
				CLANG_WARN_NON_LITERAL_NULL_CONVERSION = YES;
				CLANG_WARN_OBJC_IMPLICIT_RETAIN_SELF = YES;
				CLANG_WARN_OBJC_LITERAL_CONVERSION = YES;
				CLANG_WARN_OBJC_ROOT_CLASS = YES_ERROR;
				CLANG_WARN_QUOTED_INCLUDE_IN_FRAMEWORK_HEADER = YES;
				CLANG_WARN_RANGE_LOOP_ANALYSIS = YES;
				CLANG_WARN_STRICT_PROTOTYPES = YES;
				CLANG_WARN_SUSPICIOUS_MOVE = YES;
				CLANG_WARN_UNGUARDED_AVAILABILITY = YES_AGGRESSIVE;
				CLANG_WARN_UNREACHABLE_CODE = YES;
				CLANG_WARN__DUPLICATE_METHOD_MATCH = YES;
				COPY_PHASE_STRIP = NO;
				DEBUG_INFORMATION_FORMAT = "dwarf-with-dsym";
				ENABLE_NS_ASSERTIONS = NO;
				ENABLE_STRICT_OBJC_MSGSEND = YES;
				GCC_C_LANGUAGE_STANDARD = gnu11;
				GCC_NO_COMMON_BLOCKS = YES;
				GCC_WARN_64_TO_32_BIT_CONVERSION = YES;
				GCC_WARN_ABOUT_RETURN_TYPE = YES_ERROR;
				GCC_WARN_UNDECLARED_SELECTOR = YES;
				GCC_WARN_UNINITIALIZED_AUTOS = YES_AGGRESSIVE;
				GCC_WARN_UNUSED_FUNCTION = YES;
				GCC_WARN_UNUSED_VARIABLE = YES;
				IPHONEOS_DEPLOYMENT_TARGET = 16.0;
				MTL_ENABLE_DEBUG_INFO = NO;
				MTL_FAST_MATH = YES;
				SDKROOT = iphoneos;
				SWIFT_COMPILATION_MODE = wholemodule;
				SWIFT_OPTIMIZATION_LEVEL = "-O";
				VALIDATE_PRODUCT = YES;
			};
			name = Release;
		};
		7F47B9C02989F7B100B33022 /* Debug */ = {
			isa = XCBuildConfiguration;
			buildSettings = {
				ASSETCATALOG_COMPILER_APPICON_NAME = AppIcon;
				ASSETCATALOG_COMPILER_GLOBAL_ACCENT_COLOR_NAME = AccentColor;
				CODE_SIGN_STYLE = Automatic;
				CURRENT_PROJECT_VERSION = 1;
				DEVELOPMENT_TEAM = 22GD85QNU8;
				GENERATE_INFOPLIST_FILE = YES;
				INFOPLIST_FILE = NavegacaoTelasExample/Info.plist;
				INFOPLIST_KEY_UIApplicationSupportsIndirectInputEvents = YES;
				INFOPLIST_KEY_UILaunchStoryboardName = LaunchScreen;
				INFOPLIST_KEY_UIMainStoryboardFile = Main;
				INFOPLIST_KEY_UISupportedInterfaceOrientations_iPad = "UIInterfaceOrientationPortrait UIInterfaceOrientationPortraitUpsideDown UIInterfaceOrientationLandscapeLeft UIInterfaceOrientationLandscapeRight";
				INFOPLIST_KEY_UISupportedInterfaceOrientations_iPhone = "UIInterfaceOrientationPortrait UIInterfaceOrientationLandscapeLeft UIInterfaceOrientationLandscapeRight";
				LD_RUNPATH_SEARCH_PATHS = (
					"$(inherited)",
					"@executable_path/Frameworks",
				);
				MARKETING_VERSION = 1.0;
				PRODUCT_BUNDLE_IDENTIFIER = backfront.NavegacaoTelasExample;
				PRODUCT_NAME = "$(TARGET_NAME)";
				SWIFT_EMIT_LOC_STRINGS = YES;
				SWIFT_VERSION = 5.0;
				TARGETED_DEVICE_FAMILY = "1,2";
			};
			name = Debug;
		};
		7F47B9C12989F7B100B33022 /* Release */ = {
			isa = XCBuildConfiguration;
			buildSettings = {
				ASSETCATALOG_COMPILER_APPICON_NAME = AppIcon;
				ASSETCATALOG_COMPILER_GLOBAL_ACCENT_COLOR_NAME = AccentColor;
				CODE_SIGN_STYLE = Automatic;
				CURRENT_PROJECT_VERSION = 1;
				DEVELOPMENT_TEAM = 22GD85QNU8;
				GENERATE_INFOPLIST_FILE = YES;
				INFOPLIST_FILE = NavegacaoTelasExample/Info.plist;
				INFOPLIST_KEY_UIApplicationSupportsIndirectInputEvents = YES;
				INFOPLIST_KEY_UILaunchStoryboardName = LaunchScreen;
				INFOPLIST_KEY_UIMainStoryboardFile = Main;
				INFOPLIST_KEY_UISupportedInterfaceOrientations_iPad = "UIInterfaceOrientationPortrait UIInterfaceOrientationPortraitUpsideDown UIInterfaceOrientationLandscapeLeft UIInterfaceOrientationLandscapeRight";
				INFOPLIST_KEY_UISupportedInterfaceOrientations_iPhone = "UIInterfaceOrientationPortrait UIInterfaceOrientationLandscapeLeft UIInterfaceOrientationLandscapeRight";
				LD_RUNPATH_SEARCH_PATHS = (
					"$(inherited)",
					"@executable_path/Frameworks",
				);
				MARKETING_VERSION = 1.0;
				PRODUCT_BUNDLE_IDENTIFIER = backfront.NavegacaoTelasExample;
				PRODUCT_NAME = "$(TARGET_NAME)";
				SWIFT_EMIT_LOC_STRINGS = YES;
				SWIFT_VERSION = 5.0;
				TARGETED_DEVICE_FAMILY = "1,2";
			};
			name = Release;
		};
/* End XCBuildConfiguration section */

/* Begin XCConfigurationList section */
		7F47B9A62989F7AF00B33022 /* Build configuration list for PBXProject "NavegacaoTelasExample" */ = {
			isa = XCConfigurationList;
			buildConfigurations = (
				7F47B9BD2989F7B100B33022 /* Debug */,
				7F47B9BE2989F7B100B33022 /* Release */,
			);
			defaultConfigurationIsVisible = 0;
			defaultConfigurationName = Release;
		};
		7F47B9BF2989F7B100B33022 /* Build configuration list for PBXNativeTarget "NavegacaoTelasExample" */ = {
			isa = XCConfigurationList;
			buildConfigurations = (
				7F47B9C02989F7B100B33022 /* Debug */,
				7F47B9C12989F7B100B33022 /* Release */,
			);
			defaultConfigurationIsVisible = 0;
			defaultConfigurationName = Release;
		};
/* End XCConfigurationList section */
	};
	rootObject = 7F47B9A32989F7AF00B33022 /* Project object */;
}
